PODS:
  - FloatingPanel (2.5.1)
  - IQKeyboardManagerSwift (6.5.9)
  - Mapbox-iOS-SDK (5.9.0):
    - MapboxMobileEvents (= 0.10.2)
  - MapboxAccounts (2.2.0)
  - MapboxCoreNavigation (0.40.0):
    - MapboxAccounts (~> 2.2.0)
    - MapboxDirections (~> 0.31.0)
    - MapboxMobileEvents (~> 0.10.2)
    - MapboxNavigationNative (~> 6.2.1)
    - Turf (~> 0.3.0)
  - MapboxDirections (0.31.1):
    - Polyline (~> 4.2)
    - Turf (~> 0.3.0)
  - MapboxMobileEvents (0.10.2)
  - MapboxNavigation (0.40.0):
    - Mapbox-iOS-SDK (~> 5.6)
    - MapboxCoreNavigation (= 0.40.0)
    - MapboxMobileEvents (~> 0.10.2)
    - MapboxSpeech (~> 0.3.0)
    - Solar (~> 2.1)
  - MapboxNavigationNative (6.2.1)
  - MapboxSpeech (0.3.1)
  - Polyline (4.2.1)
  - SnapKit (5.0.1)
  - Solar (2.1.0)
  - Turf (0.3.0)

DEPENDENCIES:
  - FloatingPanel
  - IQKeyboardManagerSwift
  - Mapbox-iOS-SDK (~> 5.8)
  - MapboxCoreNavigation
  - MapboxNavigation
  - SnapKit (~> 5.0.0)

SPEC REPOS:
  trunk:
    - FloatingPanel
    - IQKeyboardManagerSwift
    - Mapbox-iOS-SDK
    - MapboxAccounts
    - MapboxCoreNavigation
    - MapboxDirections
    - MapboxMobileEvents
    - MapboxNavigation
    - MapboxNavigationNative
    - MapboxSpeech
    - Polyline
    - SnapKit
    - Solar
    - Turf

SPEC CHECKSUMS:
  FloatingPanel: 523cb50f490f151fc03fabf24a8322e44d22f65f
  IQKeyboardManagerSwift: 6e839c575c4aa1078d58a596e41244e77abe918f
  Mapbox-iOS-SDK: a5915700ec84bc1a7f8b3e746d474789e35b7956
  MapboxAccounts: f9716ba2cc66013e44ef93e0e16cfa1049f3aeec
  MapboxCoreNavigation: 2856c46bd064bb11c406ba00191d579cda424efa
  MapboxDirections: 69dca02d780c5e506bdcc65385dd5fb77b9e90b5
  MapboxMobileEvents: 2bc0ca2eedb627b73cf403258dce2b2fa98074a6
  MapboxNavigation: 42bae50b0381dce317c85884ba0de38fc68a4814
  MapboxNavigationNative: 11dc22140f4698d3f26989f2b6379dc81ef0d4c1
  MapboxSpeech: 67a558a672dc2b6266a993f4624895f69e58d105
  Polyline: 0e9890790292741c8186201a536b6bb6a78d02dd
  SnapKit: 97b92857e3df3a0c71833cce143274bf6ef8e5eb
  Solar: 2dc6e7cc39186cb0c8228fa08df76fb50c7d8f24
  Turf: c6bdf62d6a70c647874f295dd1cf4eefc0c3e9e6

PODFILE CHECKSUM: 837507061a9189ca2da2e7c7b6ef9f4101bad89d

COCOAPODS: 1.11.2
